
Microsoft Visual Studio Solution File, Format Version 12.00
# Visual Studio Version 16
VisualStudioVersion = 16.0.32929.386
MinimumVisualStudioVersion = 10.0.40219.1
Project("{FAE04EC0-301F-11D3-BF4B-00C04F79EFBC}") = "TCIS.Training.VariablesConstants", "TCIS.Training.01VariablesConstants\TCIS.Training.VariablesConstants.csproj", "{A66A97CE-1FF5-4469-A269-392F2C71B18C}"
EndProject
Project("{FAE04EC0-301F-11D3-BF4B-00C04F79EFBC}") = "TCIS.Training.LoopFor", "TCIS.Training.LoopFor\TCIS.Training.LoopFor.csproj", "{44A4D6A3-BEA1-4433-B54F-32495753F9B0}"
EndProject
Project("{FAE04EC0-301F-11D3-BF4B-00C04F79EFBC}") = "TCIS.Training.Array", "TCIS.Training.Array\TCIS.Training.Array.csproj", "{06E35424-F1D0-4090-841E-4D1EB5B1308D}"
EndProject
Project("{FAE04EC0-301F-11D3-BF4B-00C04F79EFBC}") = "TCIS.Training.Method", "TCIS.Training.Menthod\TCIS.Training.Method.csproj", "{9D40568C-6033-4ED0-B06F-68597BF3EDDA}"
EndProject
Project("{FAE04EC0-301F-11D3-BF4B-00C04F79EFBC}") = "TCIS.Training.Class", "TCIS.Training.Class\TCIS.Training.Class.csproj", "{71B7A1B9-6516-4CD5-BFE3-8CFF0592F032}"
EndProject
Project("{FAE04EC0-301F-11D3-BF4B-00C04F79EFBC}") = "TCIS.Training.ClassExample", "TCIS.Training.ClassExample\TCIS.Training.ClassExample.csproj", "{125A6BE1-D62C-4A8D-A680-DDE213C147BB}"
EndProject
Project("{2150E333-8FDC-42A3-9474-1A3956D46DE8}") = "BroCode", "BroCode", "{AD798EAC-FE41-4A4D-AF13-E462C1D2297E}"
EndProject
Project("{FAE04EC0-301F-11D3-BF4B-00C04F79EFBC}") = "TCIS.Training.Namespace", "TCIS.Training.Namespace\TCIS.Training.Namespace.csproj", "{2BD68D73-2106-4947-81E1-2DFF71BFE3F8}"
EndProject
Project("{FAE04EC0-301F-11D3-BF4B-00C04F79EFBC}") = "TCIS.Training.Generics", "TCIS.Training.Generics\TCIS.Training.Generics.csproj", "{3FD996DF-E0FD-4233-9C40-DF47F2DA6045}"
EndProject
Project("{FAE04EC0-301F-11D3-BF4B-00C04F79EFBC}") = "TCIS.Training.RandomNumber", "TCIS.Training.RandomNumber\TCIS.Training.RandomNumber.csproj", "{2141B47E-586C-447C-A552-FBD94E374A14}"
EndProject
Project("{FAE04EC0-301F-11D3-BF4B-00C04F79EFBC}") = "TCIS.Training.TestArray", "TCIS.Training.TestArray\TCIS.Training.TestArray.csproj", "{DF40D94A-229D-4F58-A954-6202B5D48457}"
EndProject
Project("{2150E333-8FDC-42A3-9474-1A3956D46DE8}") = "OLD", "OLD", "{67635062-A5BE-47D5-A3E7-0F0071CF62D3}"
EndProject
Project("{2150E333-8FDC-42A3-9474-1A3956D46DE8}") = "Training", "Training", "{EBEFB64B-8BD0-4F41-AF43-4C5AE3C40F25}"
EndProject
Project("{FAE04EC0-301F-11D3-BF4B-00C04F79EFBC}") = "CalculateTheScoresOfTheClasses", "CalculateTheScoresOfTheClasses\CalculateTheScoresOfTheClasses.csproj", "{744E6F20-C31D-4EDF-A02A-5358A0D43DB1}"
EndProject
Project("{FAE04EC0-301F-11D3-BF4B-00C04F79EFBC}") = "Test", "Test\Test.csproj", "{6B6915AC-8E5C-452C-A9EE-62789F593734}"
EndProject
Project("{FAE04EC0-301F-11D3-BF4B-00C04F79EFBC}") = "TCIS.Training.Polymorphism", "TCIS.Training.Polymorphism\TCIS.Training.Polymorphism.csproj", "{158180DC-AD3B-4C86-B277-C274180983C0}"
EndProject
Project("{2150E333-8FDC-42A3-9474-1A3956D46DE8}") = "Derek Banas", "Derek Banas", "{907BF7CE-289E-4699-B515-5AA14261141D}"
EndProject
Project("{FAE04EC0-301F-11D3-BF4B-00C04F79EFBC}") = "InheritancePolymorphism", "InheritancePolymorphism\InheritancePolymorphism.csproj", "{3E991E92-101D-40CD-B970-CBDC1DB734BF}"
EndProject
Global
	GlobalSection(SolutionConfigurationPlatforms) = preSolution
		Debug|Any CPU = Debug|Any CPU
		Release|Any CPU = Release|Any CPU
	EndGlobalSection
	GlobalSection(ProjectConfigurationPlatforms) = postSolution
		{A66A97CE-1FF5-4469-A269-392F2C71B18C}.Debug|Any CPU.ActiveCfg = Debug|Any CPU
		{A66A97CE-1FF5-4469-A269-392F2C71B18C}.Debug|Any CPU.Build.0 = Debug|Any CPU
		{A66A97CE-1FF5-4469-A269-392F2C71B18C}.Release|Any CPU.ActiveCfg = Release|Any CPU
		{A66A97CE-1FF5-4469-A269-392F2C71B18C}.Release|Any CPU.Build.0 = Release|Any CPU
		{44A4D6A3-BEA1-4433-B54F-32495753F9B0}.Debug|Any CPU.ActiveCfg = Debug|Any CPU
		{44A4D6A3-BEA1-4433-B54F-32495753F9B0}.Debug|Any CPU.Build.0 = Debug|Any CPU
		{44A4D6A3-BEA1-4433-B54F-32495753F9B0}.Release|Any CPU.ActiveCfg = Release|Any CPU
		{44A4D6A3-BEA1-4433-B54F-32495753F9B0}.Release|Any CPU.Build.0 = Release|Any CPU
		{06E35424-F1D0-4090-841E-4D1EB5B1308D}.Debug|Any CPU.ActiveCfg = Debug|Any CPU
		{06E35424-F1D0-4090-841E-4D1EB5B1308D}.Debug|Any CPU.Build.0 = Debug|Any CPU
		{06E35424-F1D0-4090-841E-4D1EB5B1308D}.Release|Any CPU.ActiveCfg = Release|Any CPU
		{06E35424-F1D0-4090-841E-4D1EB5B1308D}.Release|Any CPU.Build.0 = Release|Any CPU
		{9D40568C-6033-4ED0-B06F-68597BF3EDDA}.Debug|Any CPU.ActiveCfg = Debug|Any CPU
		{9D40568C-6033-4ED0-B06F-68597BF3EDDA}.Debug|Any CPU.Build.0 = Debug|Any CPU
		{9D40568C-6033-4ED0-B06F-68597BF3EDDA}.Release|Any CPU.ActiveCfg = Release|Any CPU
		{9D40568C-6033-4ED0-B06F-68597BF3EDDA}.Release|Any CPU.Build.0 = Release|Any CPU
		{71B7A1B9-6516-4CD5-BFE3-8CFF0592F032}.Debug|Any CPU.ActiveCfg = Debug|Any CPU
		{71B7A1B9-6516-4CD5-BFE3-8CFF0592F032}.Debug|Any CPU.Build.0 = Debug|Any CPU
		{71B7A1B9-6516-4CD5-BFE3-8CFF0592F032}.Release|Any CPU.ActiveCfg = Release|Any CPU
		{71B7A1B9-6516-4CD5-BFE3-8CFF0592F032}.Release|Any CPU.Build.0 = Release|Any CPU
		{125A6BE1-D62C-4A8D-A680-DDE213C147BB}.Debug|Any CPU.ActiveCfg = Debug|Any CPU
		{125A6BE1-D62C-4A8D-A680-DDE213C147BB}.Debug|Any CPU.Build.0 = Debug|Any CPU
		{125A6BE1-D62C-4A8D-A680-DDE213C147BB}.Release|Any CPU.ActiveCfg = Release|Any CPU
		{125A6BE1-D62C-4A8D-A680-DDE213C147BB}.Release|Any CPU.Build.0 = Release|Any CPU
		{2BD68D73-2106-4947-81E1-2DFF71BFE3F8}.Debug|Any CPU.ActiveCfg = Debug|Any CPU
		{2BD68D73-2106-4947-81E1-2DFF71BFE3F8}.Debug|Any CPU.Build.0 = Debug|Any CPU
		{2BD68D73-2106-4947-81E1-2DFF71BFE3F8}.Release|Any CPU.ActiveCfg = Release|Any CPU
		{2BD68D73-2106-4947-81E1-2DFF71BFE3F8}.Release|Any CPU.Build.0 = Release|Any CPU
		{3FD996DF-E0FD-4233-9C40-DF47F2DA6045}.Debug|Any CPU.ActiveCfg = Debug|Any CPU
		{3FD996DF-E0FD-4233-9C40-DF47F2DA6045}.Debug|Any CPU.Build.0 = Debug|Any CPU
		{3FD996DF-E0FD-4233-9C40-DF47F2DA6045}.Release|Any CPU.ActiveCfg = Release|Any CPU
		{3FD996DF-E0FD-4233-9C40-DF47F2DA6045}.Release|Any CPU.Build.0 = Release|Any CPU
		{2141B47E-586C-447C-A552-FBD94E374A14}.Debug|Any CPU.ActiveCfg = Debug|Any CPU
		{2141B47E-586C-447C-A552-FBD94E374A14}.Debug|Any CPU.Build.0 = Debug|Any CPU
		{2141B47E-586C-447C-A552-FBD94E374A14}.Release|Any CPU.ActiveCfg = Release|Any CPU
		{2141B47E-586C-447C-A552-FBD94E374A14}.Release|Any CPU.Build.0 = Release|Any CPU
		{DF40D94A-229D-4F58-A954-6202B5D48457}.Debug|Any CPU.ActiveCfg = Debug|Any CPU
		{DF40D94A-229D-4F58-A954-6202B5D48457}.Debug|Any CPU.Build.0 = Debug|Any CPU
		{DF40D94A-229D-4F58-A954-6202B5D48457}.Release|Any CPU.ActiveCfg = Release|Any CPU
		{DF40D94A-229D-4F58-A954-6202B5D48457}.Release|Any CPU.Build.0 = Release|Any CPU
		{744E6F20-C31D-4EDF-A02A-5358A0D43DB1}.Debug|Any CPU.ActiveCfg = Debug|Any CPU
		{744E6F20-C31D-4EDF-A02A-5358A0D43DB1}.Debug|Any CPU.Build.0 = Debug|Any CPU
		{744E6F20-C31D-4EDF-A02A-5358A0D43DB1}.Release|Any CPU.ActiveCfg = Release|Any CPU
		{744E6F20-C31D-4EDF-A02A-5358A0D43DB1}.Release|Any CPU.Build.0 = Release|Any CPU
		{6B6915AC-8E5C-452C-A9EE-62789F593734}.Debug|Any CPU.ActiveCfg = Debug|Any CPU
		{6B6915AC-8E5C-452C-A9EE-62789F593734}.Debug|Any CPU.Build.0 = Debug|Any CPU
		{6B6915AC-8E5C-452C-A9EE-62789F593734}.Release|Any CPU.ActiveCfg = Release|Any CPU
		{6B6915AC-8E5C-452C-A9EE-62789F593734}.Release|Any CPU.Build.0 = Release|Any CPU
		{158180DC-AD3B-4C86-B277-C274180983C0}.Debug|Any CPU.ActiveCfg = Debug|Any CPU
		{158180DC-AD3B-4C86-B277-C274180983C0}.Debug|Any CPU.Build.0 = Debug|Any CPU
		{158180DC-AD3B-4C86-B277-C274180983C0}.Release|Any CPU.ActiveCfg = Release|Any CPU
		{158180DC-AD3B-4C86-B277-C274180983C0}.Release|Any CPU.Build.0 = Release|Any CPU
		{3E991E92-101D-40CD-B970-CBDC1DB734BF}.Debug|Any CPU.ActiveCfg = Debug|Any CPU
		{3E991E92-101D-40CD-B970-CBDC1DB734BF}.Debug|Any CPU.Build.0 = Debug|Any CPU
		{3E991E92-101D-40CD-B970-CBDC1DB734BF}.Release|Any CPU.ActiveCfg = Release|Any CPU
		{3E991E92-101D-40CD-B970-CBDC1DB734BF}.Release|Any CPU.Build.0 = Release|Any CPU
	EndGlobalSection
	GlobalSection(SolutionProperties) = preSolution
		HideSolutionNode = FALSE
	EndGlobalSection
	GlobalSection(NestedProjects) = preSolution
		{A66A97CE-1FF5-4469-A269-392F2C71B18C} = {67635062-A5BE-47D5-A3E7-0F0071CF62D3}
		{44A4D6A3-BEA1-4433-B54F-32495753F9B0} = {67635062-A5BE-47D5-A3E7-0F0071CF62D3}
		{06E35424-F1D0-4090-841E-4D1EB5B1308D} = {67635062-A5BE-47D5-A3E7-0F0071CF62D3}
		{9D40568C-6033-4ED0-B06F-68597BF3EDDA} = {67635062-A5BE-47D5-A3E7-0F0071CF62D3}
		{71B7A1B9-6516-4CD5-BFE3-8CFF0592F032} = {67635062-A5BE-47D5-A3E7-0F0071CF62D3}
		{125A6BE1-D62C-4A8D-A680-DDE213C147BB} = {67635062-A5BE-47D5-A3E7-0F0071CF62D3}
		{AD798EAC-FE41-4A4D-AF13-E462C1D2297E} = {67635062-A5BE-47D5-A3E7-0F0071CF62D3}
		{2BD68D73-2106-4947-81E1-2DFF71BFE3F8} = {67635062-A5BE-47D5-A3E7-0F0071CF62D3}
		{3FD996DF-E0FD-4233-9C40-DF47F2DA6045} = {AD798EAC-FE41-4A4D-AF13-E462C1D2297E}
		{2141B47E-586C-447C-A552-FBD94E374A14} = {AD798EAC-FE41-4A4D-AF13-E462C1D2297E}
		{DF40D94A-229D-4F58-A954-6202B5D48457} = {67635062-A5BE-47D5-A3E7-0F0071CF62D3}
		{744E6F20-C31D-4EDF-A02A-5358A0D43DB1} = {EBEFB64B-8BD0-4F41-AF43-4C5AE3C40F25}
		{6B6915AC-8E5C-452C-A9EE-62789F593734} = {AD798EAC-FE41-4A4D-AF13-E462C1D2297E}
		{158180DC-AD3B-4C86-B277-C274180983C0} = {AD798EAC-FE41-4A4D-AF13-E462C1D2297E}
		{907BF7CE-289E-4699-B515-5AA14261141D} = {67635062-A5BE-47D5-A3E7-0F0071CF62D3}
		{3E991E92-101D-40CD-B970-CBDC1DB734BF} = {907BF7CE-289E-4699-B515-5AA14261141D}
	EndGlobalSection
	GlobalSection(ExtensibilityGlobals) = postSolution
		SolutionGuid = {C0797346-D507-4CCF-BC1E-39B032BAE978}
	EndGlobalSection
EndGlobal
